
Microsoft Visual Studio Solution File, Format Version 12.00
# Visual Studio Version 17
VisualStudioVersion = 17.2.32505.173
MinimumVisualStudioVersion = 10.0.40219.1
Project("{FAE04EC0-301F-11D3-BF4B-00C04F79EFBC}") = "DuplicateEMailRemoverForOutlookClassic", "DuplicateEMailRemoverForOutlookClassic.csproj", "{1ABF1DFC-E4DF-4A81-A215-CB3247D6726B}"
EndProject
Global
	GlobalSection(SolutionConfigurationPlatforms) = preSolution
		Debug|Any CPU = Debug|Any CPU
		Release|Any CPU = Release|Any CPU
	EndGlobalSection
	GlobalSection(ProjectConfigurationPlatforms) = postSolution
		{1ABF1DFC-E4DF-4A81-A215-CB3247D6726B}.Debug|Any CPU.ActiveCfg = Debug|Any CPU
		{1ABF1DFC-E4DF-4A81-A215-CB3247D6726B}.Debug|Any CPU.Build.0 = Debug|Any CPU
		{1ABF1DFC-E4DF-4A81-A215-CB3247D6726B}.Release|Any CPU.ActiveCfg = Release|Any CPU
		{1ABF1DFC-E4DF-4A81-A215-CB3247D6726B}.Release|Any CPU.Build.0 = Release|Any CPU
	EndGlobalSection
	GlobalSection(SolutionProperties) = preSolution
		HideSolutionNode = FALSE
	EndGlobalSection
	GlobalSection(ExtensibilityGlobals) = postSolution
		SolutionGuid = {00435891-C321-4656-A5C3-A798B7493538}
	EndGlobalSection
EndGlobal
